// !$*UTF8*$!
{
	archiveVersion = 1;
	classes = {
	};
	objectVersion = 46;
	objects = {

/* Begin PBXBuildFile section */
		6F0473621B93ACCF000F2C3A /* MyCustomObject.m in Sources */ = {isa = PBXBuildFile; fileRef = 6F0473611B93ACCF000F2C3A /* MyCustomObject.m */; };
		6F0473651B93AF6C000F2C3A /* MyCustomComplexObject.m in Sources */ = {isa = PBXBuildFile; fileRef = 6F0473641B93AF6C000F2C3A /* MyCustomComplexObject.m */; };
		6F047C681B9BF15700C53C29 /* pattern.fbs in Resources */ = {isa = PBXBuildFile; fileRef = 6F047C671B9BF15700C53C29 /* pattern.fbs */; };
		6F047C691B9BF15700C53C29 /* pattern.fbs in Resources */ = {isa = PBXBuildFile; fileRef = 6F047C671B9BF15700C53C29 /* pattern.fbs */; };
		6F2A38EF1BA2326B0080D038 /* idl_gen_cpp.cpp in Sources */ = {isa = PBXBuildFile; fileRef = 6F2A38E71BA2326B0080D038 /* idl_gen_cpp.cpp */; };
		6F2A38F01BA2326B0080D038 /* idl_gen_fbs.cpp in Sources */ = {isa = PBXBuildFile; fileRef = 6F2A38E81BA2326B0080D038 /* idl_gen_fbs.cpp */; };
		6F2A38F11BA2326B0080D038 /* idl_gen_general.cpp in Sources */ = {isa = PBXBuildFile; fileRef = 6F2A38E91BA2326B0080D038 /* idl_gen_general.cpp */; };
		6F2A38F21BA2326B0080D038 /* idl_gen_go.cpp in Sources */ = {isa = PBXBuildFile; fileRef = 6F2A38EA1BA2326B0080D038 /* idl_gen_go.cpp */; };
		6F2A38F31BA2326B0080D038 /* idl_gen_python.cpp in Sources */ = {isa = PBXBuildFile; fileRef = 6F2A38EB1BA2326B0080D038 /* idl_gen_python.cpp */; };
		6F2A38F41BA2326B0080D038 /* idl_gen_text.cpp in Sources */ = {isa = PBXBuildFile; fileRef = 6F2A38EC1BA2326B0080D038 /* idl_gen_text.cpp */; };
		6F2A38F51BA2326B0080D038 /* idl_parser.cpp in Sources */ = {isa = PBXBuildFile; fileRef = 6F2A38ED1BA2326B0080D038 /* idl_parser.cpp */; };
		6F2A38F61BA2326B0080D038 /* reflection.cpp in Sources */ = {isa = PBXBuildFile; fileRef = 6F2A38EE1BA2326B0080D038 /* reflection.cpp */; };
		6F9EB5CA1B9CC8D500548248 /* pattern-flatbuffers-test.plist.bin in Resources */ = {isa = PBXBuildFile; fileRef = 6F9EB5C91B9CC8D500548248 /* pattern-flatbuffers-test.plist.bin */; };
		6F9EB5CC1B9CC8FD00548248 /* pattern-flatbuffers-test.plist in Resources */ = {isa = PBXBuildFile; fileRef = 6F9EB5CB1B9CC8FD00548248 /* pattern-flatbuffers-test.plist */; };
		6FAFEEF31B80494E00258756 /* main.m in Sources */ = {isa = PBXBuildFile; fileRef = 6FAFEEF21B80494E00258756 /* main.m */; };
		6FAFEEF61B80494E00258756 /* AppDelegate.m in Sources */ = {isa = PBXBuildFile; fileRef = 6FAFEEF51B80494E00258756 /* AppDelegate.m */; };
		6FAFEEF91B80494E00258756 /* ViewController.m in Sources */ = {isa = PBXBuildFile; fileRef = 6FAFEEF81B80494E00258756 /* ViewController.m */; };
		6FAFEEFC1B80494E00258756 /* Main.storyboard in Resources */ = {isa = PBXBuildFile; fileRef = 6FAFEEFA1B80494E00258756 /* Main.storyboard */; };
		6FAFEEFE1B80494E00258756 /* Images.xcassets in Resources */ = {isa = PBXBuildFile; fileRef = 6FAFEEFD1B80494E00258756 /* Images.xcassets */; };
		6FAFEF011B80494E00258756 /* LaunchScreen.xib in Resources */ = {isa = PBXBuildFile; fileRef = 6FAFEEFF1B80494E00258756 /* LaunchScreen.xib */; };
		6FAFEF0D1B80494E00258756 /* iOSPerformanceTestsTests.mm in Sources */ = {isa = PBXBuildFile; fileRef = 6FAFEF0C1B80494E00258756 /* iOSPerformanceTestsTests.mm */; };
/* End PBXBuildFile section */

/* Begin PBXContainerItemProxy section */
		6FAFEF071B80494E00258756 /* PBXContainerItemProxy */ = {
			isa = PBXContainerItemProxy;
			containerPortal = 6FAFEEE51B80494E00258756 /* Project object */;
			proxyType = 1;
			remoteGlobalIDString = 6FAFEEEC1B80494E00258756;
			remoteInfo = iOSPerformanceTests;
		};
/* End PBXContainerItemProxy section */

/* Begin PBXFileReference section */
		6F0473601B93ACCF000F2C3A /* MyCustomObject.h */ = {isa = PBXFileReference; fileEncoding = 4; lastKnownFileType = sourcecode.c.h; path = MyCustomObject.h; sourceTree = "<group>"; };
		6F0473611B93ACCF000F2C3A /* MyCustomObject.m */ = {isa = PBXFileReference; fileEncoding = 4; lastKnownFileType = sourcecode.c.objc; path = MyCustomObject.m; sourceTree = "<group>"; };
		6F0473631B93AF6C000F2C3A /* MyCustomComplexObject.h */ = {isa = PBXFileReference; fileEncoding = 4; lastKnownFileType = sourcecode.c.h; path = MyCustomComplexObject.h; sourceTree = "<group>"; };
		6F0473641B93AF6C000F2C3A /* MyCustomComplexObject.m */ = {isa = PBXFileReference; fileEncoding = 4; lastKnownFileType = sourcecode.c.objc; path = MyCustomComplexObject.m; sourceTree = "<group>"; };
		6F047C661B9BF15700C53C29 /* pattern_generated.h */ = {isa = PBXFileReference; fileEncoding = 4; lastKnownFileType = sourcecode.c.h; path = pattern_generated.h; sourceTree = "<group>"; };
		6F047C671B9BF15700C53C29 /* pattern.fbs */ = {isa = PBXFileReference; fileEncoding = 4; lastKnownFileType = text; path = pattern.fbs; sourceTree = "<group>"; };
		6F2A38E11BA2325B0080D038 /* flatbuffers.h */ = {isa = PBXFileReference; fileEncoding = 4; lastKnownFileType = sourcecode.c.h; path = flatbuffers.h; sourceTree = "<group>"; };
		6F2A38E21BA2325B0080D038 /* idl.h */ = {isa = PBXFileReference; fileEncoding = 4; lastKnownFileType = sourcecode.c.h; path = idl.h; sourceTree = "<group>"; };
		6F2A38E31BA2325B0080D038 /* reflection_generated.h */ = {isa = PBXFileReference; fileEncoding = 4; lastKnownFileType = sourcecode.c.h; path = reflection_generated.h; sourceTree = "<group>"; };
		6F2A38E41BA2325B0080D038 /* reflection.h */ = {isa = PBXFileReference; fileEncoding = 4; lastKnownFileType = sourcecode.c.h; path = reflection.h; sourceTree = "<group>"; };
		6F2A38E51BA2325B0080D038 /* util.h */ = {isa = PBXFileReference; fileEncoding = 4; lastKnownFileType = sourcecode.c.h; path = util.h; sourceTree = "<group>"; };
		6F2A38E61BA2325B0080D038 /* hash.h */ = {isa = PBXFileReference; fileEncoding = 4; lastKnownFileType = sourcecode.c.h; path = hash.h; sourceTree = "<group>"; };
		6F2A38E71BA2326B0080D038 /* idl_gen_cpp.cpp */ = {isa = PBXFileReference; fileEncoding = 4; lastKnownFileType = sourcecode.cpp.cpp; path = idl_gen_cpp.cpp; sourceTree = "<group>"; };
		6F2A38E81BA2326B0080D038 /* idl_gen_fbs.cpp */ = {isa = PBXFileReference; fileEncoding = 4; lastKnownFileType = sourcecode.cpp.cpp; path = idl_gen_fbs.cpp; sourceTree = "<group>"; };
		6F2A38E91BA2326B0080D038 /* idl_gen_general.cpp */ = {isa = PBXFileReference; fileEncoding = 4; lastKnownFileType = sourcecode.cpp.cpp; path = idl_gen_general.cpp; sourceTree = "<group>"; };
		6F2A38EA1BA2326B0080D038 /* idl_gen_go.cpp */ = {isa = PBXFileReference; fileEncoding = 4; lastKnownFileType = sourcecode.cpp.cpp; path = idl_gen_go.cpp; sourceTree = "<group>"; };
		6F2A38EB1BA2326B0080D038 /* idl_gen_python.cpp */ = {isa = PBXFileReference; fileEncoding = 4; lastKnownFileType = sourcecode.cpp.cpp; path = idl_gen_python.cpp; sourceTree = "<group>"; };
		6F2A38EC1BA2326B0080D038 /* idl_gen_text.cpp */ = {isa = PBXFileReference; fileEncoding = 4; lastKnownFileType = sourcecode.cpp.cpp; path = idl_gen_text.cpp; sourceTree = "<group>"; };
		6F2A38ED1BA2326B0080D038 /* idl_parser.cpp */ = {isa = PBXFileReference; fileEncoding = 4; lastKnownFileType = sourcecode.cpp.cpp; path = idl_parser.cpp; sourceTree = "<group>"; };
		6F2A38EE1BA2326B0080D038 /* reflection.cpp */ = {isa = PBXFileReference; fileEncoding = 4; lastKnownFileType = sourcecode.cpp.cpp; path = reflection.cpp; sourceTree = "<group>"; };
		6F9EB5C91B9CC8D500548248 /* pattern-flatbuffers-test.plist.bin */ = {isa = PBXFileReference; lastKnownFileType = archive.macbinary; path = "pattern-flatbuffers-test.plist.bin"; sourceTree = "<group>"; };
		6F9EB5CB1B9CC8FD00548248 /* pattern-flatbuffers-test.plist */ = {isa = PBXFileReference; fileEncoding = 4; lastKnownFileType = text.plist.xml; path = "pattern-flatbuffers-test.plist"; sourceTree = "<group>"; };
		6FAFEEED1B80494E00258756 /* iOSPerformanceTests.app */ = {isa = PBXFileReference; explicitFileType = wrapper.application; includeInIndex = 0; path = iOSPerformanceTests.app; sourceTree = BUILT_PRODUCTS_DIR; };
		6FAFEEF11B80494E00258756 /* Info.plist */ = {isa = PBXFileReference; lastKnownFileType = text.plist.xml; path = Info.plist; sourceTree = "<group>"; };
		6FAFEEF21B80494E00258756 /* main.m */ = {isa = PBXFileReference; lastKnownFileType = sourcecode.c.objc; path = main.m; sourceTree = "<group>"; };
		6FAFEEF41B80494E00258756 /* AppDelegate.h */ = {isa = PBXFileReference; lastKnownFileType = sourcecode.c.h; path = AppDelegate.h; sourceTree = "<group>"; };
		6FAFEEF51B80494E00258756 /* AppDelegate.m */ = {isa = PBXFileReference; lastKnownFileType = sourcecode.c.objc; path = AppDelegate.m; sourceTree = "<group>"; };
		6FAFEEF71B80494E00258756 /* ViewController.h */ = {isa = PBXFileReference; lastKnownFileType = sourcecode.c.h; path = ViewController.h; sourceTree = "<group>"; };
		6FAFEEF81B80494E00258756 /* ViewController.m */ = {isa = PBXFileReference; lastKnownFileType = sourcecode.c.objc; path = ViewController.m; sourceTree = "<group>"; };
		6FAFEEFB1B80494E00258756 /* Base */ = {isa = PBXFileReference; lastKnownFileType = file.storyboard; name = Base; path = Base.lproj/Main.storyboard; sourceTree = "<group>"; };
		6FAFEEFD1B80494E00258756 /* Images.xcassets */ = {isa = PBXFileReference; lastKnownFileType = folder.assetcatalog; path = Images.xcassets; sourceTree = "<group>"; };
		6FAFEF001B80494E00258756 /* Base */ = {isa = PBXFileReference; lastKnownFileType = file.xib; name = Base; path = Base.lproj/LaunchScreen.xib; sourceTree = "<group>"; };
		6FAFEF061B80494E00258756 /* iOSPerformanceTestsTests.xctest */ = {isa = PBXFileReference; explicitFileType = wrapper.cfbundle; includeInIndex = 0; path = iOSPerformanceTestsTests.xctest; sourceTree = BUILT_PRODUCTS_DIR; };
		6FAFEF0B1B80494E00258756 /* Info.plist */ = {isa = PBXFileReference; lastKnownFileType = text.plist.xml; path = Info.plist; sourceTree = "<group>"; };
		6FAFEF0C1B80494E00258756 /* iOSPerformanceTestsTests.mm */ = {isa = PBXFileReference; lastKnownFileType = sourcecode.cpp.objcpp; path = iOSPerformanceTestsTests.mm; sourceTree = "<group>"; };
/* End PBXFileReference section */

/* Begin PBXFrameworksBuildPhase section */
		6FAFEEEA1B80494E00258756 /* Frameworks */ = {
			isa = PBXFrameworksBuildPhase;
			buildActionMask = 2147483647;
			files = (
			);
			runOnlyForDeploymentPostprocessing = 0;
		};
		6FAFEF031B80494E00258756 /* Frameworks */ = {
			isa = PBXFrameworksBuildPhase;
			buildActionMask = 2147483647;
			files = (
			);
			runOnlyForDeploymentPostprocessing = 0;
		};
/* End PBXFrameworksBuildPhase section */

/* Begin PBXGroup section */
		6F047C4C1B9BEF2E00C53C29 /* flatbuffers */ = {
			isa = PBXGroup;
			children = (
				6F047C4D1B9BEF2E00C53C29 /* include */,
				6F047C531B9BEF2E00C53C29 /* src */,
			);
			path = flatbuffers;
			sourceTree = "<group>";
		};
		6F047C4D1B9BEF2E00C53C29 /* include */ = {
			isa = PBXGroup;
			children = (
				6F047C4E1B9BEF2E00C53C29 /* flatbuffers */,
			);
			path = include;
			sourceTree = "<group>";
		};
		6F047C4E1B9BEF2E00C53C29 /* flatbuffers */ = {
			isa = PBXGroup;
			children = (
				6F2A38E11BA2325B0080D038 /* flatbuffers.h */,
				6F2A38E21BA2325B0080D038 /* idl.h */,
				6F2A38E31BA2325B0080D038 /* reflection_generated.h */,
				6F2A38E41BA2325B0080D038 /* reflection.h */,
				6F2A38E51BA2325B0080D038 /* util.h */,
				6F2A38E61BA2325B0080D038 /* hash.h */,
			);
			path = flatbuffers;
			sourceTree = "<group>";
		};
		6F047C531B9BEF2E00C53C29 /* src */ = {
			isa = PBXGroup;
			children = (
				6F2A38E71BA2326B0080D038 /* idl_gen_cpp.cpp */,
				6F2A38E81BA2326B0080D038 /* idl_gen_fbs.cpp */,
				6F2A38E91BA2326B0080D038 /* idl_gen_general.cpp */,
				6F2A38EA1BA2326B0080D038 /* idl_gen_go.cpp */,
				6F2A38EB1BA2326B0080D038 /* idl_gen_python.cpp */,
				6F2A38EC1BA2326B0080D038 /* idl_gen_text.cpp */,
				6F2A38ED1BA2326B0080D038 /* idl_parser.cpp */,
				6F2A38EE1BA2326B0080D038 /* reflection.cpp */,
			);
			path = src;
			sourceTree = "<group>";
		};
		6FAFEEE41B80494E00258756 = {
			isa = PBXGroup;
			children = (
				6F047C4C1B9BEF2E00C53C29 /* flatbuffers */,
				6FAFEEEF1B80494E00258756 /* iOSPerformanceTests */,
				6FAFEF091B80494E00258756 /* iOSPerformanceTestsTests */,
				6FAFEEEE1B80494E00258756 /* Products */,
			);
			sourceTree = "<group>";
		};
		6FAFEEEE1B80494E00258756 /* Products */ = {
			isa = PBXGroup;
			children = (
				6FAFEEED1B80494E00258756 /* iOSPerformanceTests.app */,
				6FAFEF061B80494E00258756 /* iOSPerformanceTestsTests.xctest */,
			);
			name = Products;
			sourceTree = "<group>";
		};
		6FAFEEEF1B80494E00258756 /* iOSPerformanceTests */ = {
			isa = PBXGroup;
			children = (
				6F047C661B9BF15700C53C29 /* pattern_generated.h */,
				6F047C671B9BF15700C53C29 /* pattern.fbs */,
				6F9EB5CB1B9CC8FD00548248 /* pattern-flatbuffers-test.plist */,
				6F9EB5C91B9CC8D500548248 /* pattern-flatbuffers-test.plist.bin */,
				6FAFEEF41B80494E00258756 /* AppDelegate.h */,
				6FAFEEF51B80494E00258756 /* AppDelegate.m */,
				6FAFEEF71B80494E00258756 /* ViewController.h */,
				6FAFEEF81B80494E00258756 /* ViewController.m */,
				6FAFEEFA1B80494E00258756 /* Main.storyboard */,
				6FAFEEFD1B80494E00258756 /* Images.xcassets */,
				6FAFEEFF1B80494E00258756 /* LaunchScreen.xib */,
				6FAFEEF01B80494E00258756 /* Supporting Files */,
				6F0473601B93ACCF000F2C3A /* MyCustomObject.h */,
				6F0473611B93ACCF000F2C3A /* MyCustomObject.m */,
				6F0473631B93AF6C000F2C3A /* MyCustomComplexObject.h */,
				6F0473641B93AF6C000F2C3A /* MyCustomComplexObject.m */,
			);
			path = iOSPerformanceTests;
			sourceTree = "<group>";
		};
		6FAFEEF01B80494E00258756 /* Supporting Files */ = {
			isa = PBXGroup;
			children = (
				6FAFEEF11B80494E00258756 /* Info.plist */,
				6FAFEEF21B80494E00258756 /* main.m */,
			);
			name = "Supporting Files";
			sourceTree = "<group>";
		};
		6FAFEF091B80494E00258756 /* iOSPerformanceTestsTests */ = {
			isa = PBXGroup;
			children = (
				6FAFEF0C1B80494E00258756 /* iOSPerformanceTestsTests.mm */,
				6FAFEF0A1B80494E00258756 /* Supporting Files */,
			);
			path = iOSPerformanceTestsTests;
			sourceTree = "<group>";
		};
		6FAFEF0A1B80494E00258756 /* Supporting Files */ = {
			isa = PBXGroup;
			children = (
				6FAFEF0B1B80494E00258756 /* Info.plist */,
			);
			name = "Supporting Files";
			sourceTree = "<group>";
		};
/* End PBXGroup section */

/* Begin PBXNativeTarget section */
		6FAFEEEC1B80494E00258756 /* iOSPerformanceTests */ = {
			isa = PBXNativeTarget;
			buildConfigurationList = 6FAFEF101B80494E00258756 /* Build configuration list for PBXNativeTarget "iOSPerformanceTests" */;
			buildPhases = (
				6FAFEEE91B80494E00258756 /* Sources */,
				6FAFEEEA1B80494E00258756 /* Frameworks */,
				6FAFEEEB1B80494E00258756 /* Resources */,
			);
			buildRules = (
			);
			dependencies = (
			);
			name = iOSPerformanceTests;
			productName = iOSPerformanceTests;
			productReference = 6FAFEEED1B80494E00258756 /* iOSPerformanceTests.app */;
			productType = "com.apple.product-type.application";
		};
		6FAFEF051B80494E00258756 /* iOSPerformanceTestsTests */ = {
			isa = PBXNativeTarget;
			buildConfigurationList = 6FAFEF131B80494E00258756 /* Build configuration list for PBXNativeTarget "iOSPerformanceTestsTests" */;
			buildPhases = (
				6FAFEF021B80494E00258756 /* Sources */,
				6FAFEF031B80494E00258756 /* Frameworks */,
				6FAFEF041B80494E00258756 /* Resources */,
			);
			buildRules = (
			);
			dependencies = (
				6FAFEF081B80494E00258756 /* PBXTargetDependency */,
			);
			name = iOSPerformanceTestsTests;
			productName = iOSPerformanceTestsTests;
			productReference = 6FAFEF061B80494E00258756 /* iOSPerformanceTestsTests.xctest */;
			productType = "com.apple.product-type.bundle.unit-test";
		};
/* End PBXNativeTarget section */

/* Begin PBXProject section */
		6FAFEEE51B80494E00258756 /* Project object */ = {
			isa = PBXProject;
			attributes = {
				LastUpgradeCheck = 0640;
				ORGANIZATIONNAME = "Get Set Games Inc.";
				TargetAttributes = {
					6FAFEEEC1B80494E00258756 = {
						CreatedOnToolsVersion = 6.4;
					};
					6FAFEF051B80494E00258756 = {
						CreatedOnToolsVersion = 6.4;
						TestTargetID = 6FAFEEEC1B80494E00258756;
					};
				};
			};
			buildConfigurationList = 6FAFEEE81B80494E00258756 /* Build configuration list for PBXProject "iOSPerformanceTests" */;
			compatibilityVersion = "Xcode 3.2";
			developmentRegion = English;
			hasScannedForEncodings = 0;
			knownRegions = (
				en,
				Base,
			);
			mainGroup = 6FAFEEE41B80494E00258756;
			productRefGroup = 6FAFEEEE1B80494E00258756 /* Products */;
			projectDirPath = "";
			projectRoot = "";
			targets = (
				6FAFEEEC1B80494E00258756 /* iOSPerformanceTests */,
				6FAFEF051B80494E00258756 /* iOSPerformanceTestsTests */,
			);
		};
/* End PBXProject section */

/* Begin PBXResourcesBuildPhase section */
		6FAFEEEB1B80494E00258756 /* Resources */ = {
			isa = PBXResourcesBuildPhase;
			buildActionMask = 2147483647;
			files = (
				6F9EB5CC1B9CC8FD00548248 /* pattern-flatbuffers-test.plist in Resources */,
				6FAFEEFC1B80494E00258756 /* Main.storyboard in Resources */,
				6FAFEF011B80494E00258756 /* LaunchScreen.xib in Resources */,
				6F047C681B9BF15700C53C29 /* pattern.fbs in Resources */,
				6F9EB5CA1B9CC8D500548248 /* pattern-flatbuffers-test.plist.bin in Resources */,
				6FAFEEFE1B80494E00258756 /* Images.xcassets in Resources */,
			);
			runOnlyForDeploymentPostprocessing = 0;
		};
		6FAFEF041B80494E00258756 /* Resources */ = {
			isa = PBXResourcesBuildPhase;
			buildActionMask = 2147483647;
			files = (
				6F047C691B9BF15700C53C29 /* pattern.fbs in Resources */,
			);
			runOnlyForDeploymentPostprocessing = 0;
		};
/* End PBXResourcesBuildPhase section */

/* Begin PBXSourcesBuildPhase section */
		6FAFEEE91B80494E00258756 /* Sources */ = {
			isa = PBXSourcesBuildPhase;
			buildActionMask = 2147483647;
			files = (
				6F2A38F41BA2326B0080D038 /* idl_gen_text.cpp in Sources */,
				6FAFEEF91B80494E00258756 /* ViewController.m in Sources */,
				6FAFEEF61B80494E00258756 /* AppDelegate.m in Sources */,
				6FAFEEF31B80494E00258756 /* main.m in Sources */,
				6F2A38F11BA2326B0080D038 /* idl_gen_general.cpp in Sources */,
				6F0473621B93ACCF000F2C3A /* MyCustomObject.m in Sources */,
				6F2A38F01BA2326B0080D038 /* idl_gen_fbs.cpp in Sources */,
				6F2A38F31BA2326B0080D038 /* idl_gen_python.cpp in Sources */,
				6F2A38F51BA2326B0080D038 /* idl_parser.cpp in Sources */,
				6F2A38F21BA2326B0080D038 /* idl_gen_go.cpp in Sources */,
				6F2A38EF1BA2326B0080D038 /* idl_gen_cpp.cpp in Sources */,
				6F2A38F61BA2326B0080D038 /* reflection.cpp in Sources */,
				6F0473651B93AF6C000F2C3A /* MyCustomComplexObject.m in Sources */,
			);
			runOnlyForDeploymentPostprocessing = 0;
		};
		6FAFEF021B80494E00258756 /* Sources */ = {
			isa = PBXSourcesBuildPhase;
			buildActionMask = 2147483647;
			files = (
				6FAFEF0D1B80494E00258756 /* iOSPerformanceTestsTests.mm in Sources */,
			);
			runOnlyForDeploymentPostprocessing = 0;
		};
/* End PBXSourcesBuildPhase section */

/* Begin PBXTargetDependency section */
		6FAFEF081B80494E00258756 /* PBXTargetDependency */ = {
			isa = PBXTargetDependency;
			target = 6FAFEEEC1B80494E00258756 /* iOSPerformanceTests */;
			targetProxy = 6FAFEF071B80494E00258756 /* PBXContainerItemProxy */;
		};
/* End PBXTargetDependency section */

/* Begin PBXVariantGroup section */
		6FAFEEFA1B80494E00258756 /* Main.storyboard */ = {
			isa = PBXVariantGroup;
			children = (
				6FAFEEFB1B80494E00258756 /* Base */,
			);
			name = Main.storyboard;
			sourceTree = "<group>";
		};
		6FAFEEFF1B80494E00258756 /* LaunchScreen.xib */ = {
			isa = PBXVariantGroup;
			children = (
				6FAFEF001B80494E00258756 /* Base */,
			);
			name = LaunchScreen.xib;
			sourceTree = "<group>";
		};
/* End PBXVariantGroup section */

/* Begin XCBuildConfiguration section */
		6FAFEF0E1B80494E00258756 /* Debug */ = {
			isa = XCBuildConfiguration;
			buildSettings = {
				ALWAYS_SEARCH_USER_PATHS = NO;
				CLANG_CXX_LANGUAGE_STANDARD = "gnu++0x";
				CLANG_CXX_LIBRARY = "libc++";
				CLANG_ENABLE_MODULES = YES;
				CLANG_ENABLE_OBJC_ARC = NO;
				CLANG_WARN_BOOL_CONVERSION = YES;
				CLANG_WARN_CONSTANT_CONVERSION = YES;
				CLANG_WARN_DIRECT_OBJC_ISA_USAGE = YES_ERROR;
				CLANG_WARN_EMPTY_BODY = YES;
				CLANG_WARN_ENUM_CONVERSION = YES;
				CLANG_WARN_INT_CONVERSION = YES;
				CLANG_WARN_OBJC_ROOT_CLASS = YES_ERROR;
				CLANG_WARN_UNREACHABLE_CODE = YES;
				CLANG_WARN__DUPLICATE_METHOD_MATCH = YES;
				"CODE_SIGN_IDENTITY[sdk=iphoneos*]" = "iPhone Developer";
				COPY_PHASE_STRIP = NO;
				DEBUG_INFORMATION_FORMAT = "dwarf-with-dsym";
				ENABLE_STRICT_OBJC_MSGSEND = YES;
				GCC_C_LANGUAGE_STANDARD = gnu99;
				GCC_DYNAMIC_NO_PIC = NO;
				GCC_NO_COMMON_BLOCKS = YES;
				GCC_OPTIMIZATION_LEVEL = 0;
				GCC_PREPROCESSOR_DEFINITIONS = (
					"DEBUG=1",
					"$(inherited)",
				);
				GCC_SYMBOLS_PRIVATE_EXTERN = NO;
				GCC_WARN_64_TO_32_BIT_CONVERSION = YES;
				GCC_WARN_ABOUT_RETURN_TYPE = YES_ERROR;
				GCC_WARN_UNDECLARED_SELECTOR = YES;
				GCC_WARN_UNINITIALIZED_AUTOS = YES_AGGRESSIVE;
				GCC_WARN_UNUSED_FUNCTION = YES;
				GCC_WARN_UNUSED_VARIABLE = YES;
				IPHONEOS_DEPLOYMENT_TARGET = 8.2;
				MTL_ENABLE_DEBUG_INFO = YES;
				ONLY_ACTIVE_ARCH = YES;
				SDKROOT = iphoneos;
				TARGETED_DEVICE_FAMILY = "1,2";
			};
			name = Debug;
		};
		6FAFEF0F1B80494E00258756 /* Release */ = {
			isa = XCBuildConfiguration;
			buildSettings = {
				ALWAYS_SEARCH_USER_PATHS = NO;
				CLANG_CXX_LANGUAGE_STANDARD = "gnu++0x";
				CLANG_CXX_LIBRARY = "libc++";
				CLANG_ENABLE_MODULES = YES;
				CLANG_ENABLE_OBJC_ARC = NO;
				CLANG_WARN_BOOL_CONVERSION = YES;
				CLANG_WARN_CONSTANT_CONVERSION = YES;
				CLANG_WARN_DIRECT_OBJC_ISA_USAGE = YES_ERROR;
				CLANG_WARN_EMPTY_BODY = YES;
				CLANG_WARN_ENUM_CONVERSION = YES;
				CLANG_WARN_INT_CONVERSION = YES;
				CLANG_WARN_OBJC_ROOT_CLASS = YES_ERROR;
				CLANG_WARN_UNREACHABLE_CODE = YES;
				CLANG_WARN__DUPLICATE_METHOD_MATCH = YES;
				"CODE_SIGN_IDENTITY[sdk=iphoneos*]" = "iPhone Developer";
				COPY_PHASE_STRIP = NO;
				DEBUG_INFORMATION_FORMAT = "dwarf-with-dsym";
				ENABLE_NS_ASSERTIONS = NO;
				ENABLE_STRICT_OBJC_MSGSEND = YES;
				GCC_C_LANGUAGE_STANDARD = gnu99;
				GCC_NO_COMMON_BLOCKS = YES;
				GCC_WARN_64_TO_32_BIT_CONVERSION = YES;
				GCC_WARN_ABOUT_RETURN_TYPE = YES_ERROR;
				GCC_WARN_UNDECLARED_SELECTOR = YES;
				GCC_WARN_UNINITIALIZED_AUTOS = YES_AGGRESSIVE;
				GCC_WARN_UNUSED_FUNCTION = YES;
				GCC_WARN_UNUSED_VARIABLE = YES;
				IPHONEOS_DEPLOYMENT_TARGET = 8.2;
				MTL_ENABLE_DEBUG_INFO = NO;
				SDKROOT = iphoneos;
				TARGETED_DEVICE_FAMILY = "1,2";
				VALIDATE_PRODUCT = YES;
			};
			name = Release;
		};
		6FAFEF111B80494E00258756 /* Debug */ = {
			isa = XCBuildConfiguration;
			buildSettings = {
				ASSETCATALOG_COMPILER_APPICON_NAME = AppIcon;
				INFOPLIST_FILE = iOSPerformanceTests/Info.plist;
				IPHONEOS_DEPLOYMENT_TARGET = 8.2;
				LD_RUNPATH_SEARCH_PATHS = "$(inherited) @executable_path/Frameworks";
				PRODUCT_NAME = "$(TARGET_NAME)";
				USER_HEADER_SEARCH_PATHS = "../iOSPerformanceTests/**";
			};
			name = Debug;
		};
		6FAFEF121B80494E00258756 /* Release */ = {
			isa = XCBuildConfiguration;
			buildSettings = {
				ASSETCATALOG_COMPILER_APPICON_NAME = AppIcon;
				INFOPLIST_FILE = iOSPerformanceTests/Info.plist;
				IPHONEOS_DEPLOYMENT_TARGET = 8.2;
				LD_RUNPATH_SEARCH_PATHS = "$(inherited) @executable_path/Frameworks";
				PRODUCT_NAME = "$(TARGET_NAME)";
				USER_HEADER_SEARCH_PATHS = "../iOSPerformanceTests/**";
			};
			name = Release;
		};
		6FAFEF141B80494E00258756 /* Debug */ = {
			isa = XCBuildConfiguration;
			buildSettings = {
				BUNDLE_LOADER = "$(TEST_HOST)";
				CLANG_ENABLE_OBJC_ARC = NO;
				FRAMEWORK_SEARCH_PATHS = (
					"$(SDKROOT)/Developer/Library/Frameworks",
					"$(inherited)",
				);
				GCC_PREPROCESSOR_DEFINITIONS = (
					"DEBUG=1",
					"$(inherited)",
				);
				INFOPLIST_FILE = iOSPerformanceTestsTests/Info.plist;
				IPHONEOS_DEPLOYMENT_TARGET = 8.2;
				LD_RUNPATH_SEARCH_PATHS = "$(inherited) @executable_path/Frameworks @loader_path/Frameworks";
				LLVM_LTO = NO;
				PRODUCT_NAME = "$(TARGET_NAME)";
				TEST_HOST = "$(BUILT_PRODUCTS_DIR)/iOSPerformanceTests.app/iOSPerformanceTests";
				USER_HEADER_SEARCH_PATHS = ../flatbuffers/include;
			};
			name = Debug;
		};
		6FAFEF151B80494E00258756 /* Release */ = {
			isa = XCBuildConfiguration;
			buildSettings = {
				BUNDLE_LOADER = "$(TEST_HOST)";
				CLANG_ENABLE_OBJC_ARC = NO;
				FRAMEWORK_SEARCH_PATHS = (
					"$(SDKROOT)/Developer/Library/Frameworks",
					"$(inherited)",
				);
				GCC_OPTIMIZATION_LEVEL = s;
				INFOPLIST_FILE = iOSPerformanceTestsTests/Info.plist;
				IPHONEOS_DEPLOYMENT_TARGET = 8.2;
				LD_RUNPATH_SEARCH_PATHS = "$(inherited) @executable_path/Frameworks @loader_path/Frameworks";
				LLVM_LTO = NO;
				PRODUCT_NAME = "$(TARGET_NAME)";
				TEST_HOST = "$(BUILT_PRODUCTS_DIR)/iOSPerformanceTests.app/iOSPerformanceTests";
				USER_HEADER_SEARCH_PATHS = ../flatbuffers/include;
			};
			name = Release;
		};
/* End XCBuildConfiguration section */

/* Begin XCConfigurationList section */
		6FAFEEE81B80494E00258756 /* Build configuration list for PBXProject "iOSPerformanceTests" */ = {
			isa = XCConfigurationList;
			buildConfigurations = (
				6FAFEF0E1B80494E00258756 /* Debug */,
				6FAFEF0F1B80494E00258756 /* Release */,
			);
			defaultConfigurationIsVisible = 0;
			defaultConfigurationName = Release;
		};
		6FAFEF101B80494E00258756 /* Build configuration list for PBXNativeTarget "iOSPerformanceTests" */ = {
			isa = XCConfigurationList;
			buildConfigurations = (
				6FAFEF111B80494E00258756 /* Debug */,
				6FAFEF121B80494E00258756 /* Release */,
			);
			defaultConfigurationIsVisible = 0;
			defaultConfigurationName = Release;
		};
		6FAFEF131B80494E00258756 /* Build configuration list for PBXNativeTarget "iOSPerformanceTestsTests" */ = {
			isa = XCConfigurationList;
			buildConfigurations = (
				6FAFEF141B80494E00258756 /* Debug */,
				6FAFEF151B80494E00258756 /* Release */,
			);
			defaultConfigurationIsVisible = 0;
			defaultConfigurationName = Release;
		};
/* End XCConfigurationList section */
	};
	rootObject = 6FAFEEE51B80494E00258756 /* Project object */;
}
